
Microsoft Visual Studio Solution File, Format Version 12.00
# Visual Studio Version 16
VisualStudioVersion = 16.0.30011.22
MinimumVisualStudioVersion = 10.0.40219.1
Project("{FAE04EC0-301F-11D3-BF4B-00C04F79EFBC}") = "Restock Alerter", "Restock Alerter\Restock Alerter.csproj", "{E4CF42DA-383A-4A06-99B0-53DC7E1B81BE}"
EndProject
Global
	GlobalSection(SolutionConfigurationPlatforms) = preSolution
		Debug|Any CPU = Debug|Any CPU
		Release|Any CPU = Release|Any CPU
	EndGlobalSection
	GlobalSection(ProjectConfigurationPlatforms) = postSolution
		{E4CF42DA-383A-4A06-99B0-53DC7E1B81BE}.Debug|Any CPU.ActiveCfg = Debug|Any CPU
		{E4CF42DA-383A-4A06-99B0-53DC7E1B81BE}.Debug|Any CPU.Build.0 = Debug|Any CPU
		{E4CF42DA-383A-4A06-99B0-53DC7E1B81BE}.Release|Any CPU.ActiveCfg = Release|Any CPU
		{E4CF42DA-383A-4A06-99B0-53DC7E1B81BE}.Release|Any CPU.Build.0 = Release|Any CPU
	EndGlobalSection
	GlobalSection(SolutionProperties) = preSolution
		HideSolutionNode = FALSE
	EndGlobalSection
	GlobalSection(ExtensibilityGlobals) = postSolution
		SolutionGuid = {3A29802C-C1B4-48DE-885C-FF921635C7D4}
	EndGlobalSection
EndGlobal
